# This file is automatically @generated by Poetry 1.8.2 and should not be changed by hand.

[[package]]
name = "asgiref"
version = "3.8.1"
description = "ASGI specs, helper code, and adapters"
optional = false
python-versions = ">=3.8"
files = [
    {file = "asgiref-3.8.1-py3-none-any.whl", hash = "sha256:3e1e3ecc849832fe52ccf2cb6686b7a55f82bb1d6aee72a58826471390335e47"},
    {file = "asgiref-3.8.1.tar.gz", hash = "sha256:c343bd80a0bec947a9860adb4c432ffa7db769836c64238fc34bdc3fec84d590"},
]

[package.extras]
tests = ["mypy (>=0.800)", "pytest", "pytest-asyncio"]

[[package]]
name = "asttokens"
version = "2.4.1"
description = "Annotate AST trees with source code positions"
optional = false
python-versions = "*"
files = [
    {file = "asttokens-2.4.1-py2.py3-none-any.whl", hash = "sha256:051ed49c3dcae8913ea7cd08e46a606dba30b79993209636c4875bc1d637bc24"},
    {file = "asttokens-2.4.1.tar.gz", hash = "sha256:b03869718ba9a6eb027e134bfdf69f38a236d681c83c160d510768af11254ba0"},
]

[package.dependencies]
six = ">=1.12.0"

[package.extras]
astroid = ["astroid (>=1,<2)", "astroid (>=2,<4)"]
test = ["astroid (>=1,<2)", "astroid (>=2,<4)", "pytest"]

[[package]]
name = "colorama"
version = "0.4.6"
description = "Cross-platform colored terminal text."
optional = false
python-versions = "!=3.0.*,!=3.1.*,!=3.2.*,!=3.3.*,!=3.4.*,!=3.5.*,!=3.6.*,>=2.7"
files = [
    {file = "colorama-0.4.6-py2.py3-none-any.whl", hash = "sha256:4f1d9991f5acc0ca119f9d443620b77f9d6b33703e51011c16baf57afb285fc6"},
    {file = "colorama-0.4.6.tar.gz", hash = "sha256:08695f5cb7ed6e0531a20572697297273c47b8cae5a63ffc6d6ed5c201be6e44"},
]

[[package]]
name = "decorator"
version = "5.1.1"
description = "Decorators for Humans"
optional = false
python-versions = ">=3.5"
files = [
    {file = "decorator-5.1.1-py3-none-any.whl", hash = "sha256:b8c3f85900b9dc423225913c5aace94729fe1fa9763b38939a95226f02d37186"},
    {file = "decorator-5.1.1.tar.gz", hash = "sha256:637996211036b6385ef91435e4fae22989472f9d571faba8927ba8253acbc330"},
]

[[package]]
name = "django"
version = "5.0.4"
description = "A high-level Python web framework that encourages rapid development and clean, pragmatic design."
optional = false
python-versions = ">=3.10"
files = [
    {file = "Django-5.0.4-py3-none-any.whl", hash = "sha256:916423499d75d62da7aa038d19aef23d23498d8df229775eb0a6309ee1013775"},
    {file = "Django-5.0.4.tar.gz", hash = "sha256:4bd01a8c830bb77a8a3b0e7d8b25b887e536ad17a81ba2dce5476135c73312bd"},
]

[package.dependencies]
asgiref = ">=3.7.0,<4"
sqlparse = ">=0.3.1"
tzdata = {version = "*", markers = "sys_platform == \"win32\""}

[package.extras]
argon2 = ["argon2-cffi (>=19.1.0)"]
bcrypt = ["bcrypt"]

[[package]]
name = "executing"
version = "2.0.1"
description = "Get the currently executing AST node of a frame, and other information"
optional = false
python-versions = ">=3.5"
files = [
    {file = "executing-2.0.1-py2.py3-none-any.whl", hash = "sha256:eac49ca94516ccc753f9fb5ce82603156e590b27525a8bc32cce8ae302eb61bc"},
    {file = "executing-2.0.1.tar.gz", hash = "sha256:35afe2ce3affba8ee97f2d69927fa823b08b472b7b994e36a52a964b93d16147"},
]

[package.extras]
tests = ["asttokens (>=2.1.0)", "coverage", "coverage-enable-subprocess", "ipython", "littleutils", "pytest", "rich"]

[[package]]
name = "iniconfig"
version = "2.0.0"
description = "brain-dead simple config-ini parsing"
optional = false
python-versions = ">=3.7"
files = [
    {file = "iniconfig-2.0.0-py3-none-any.whl", hash = "sha256:b6a85871a79d2e3b22d2d1b94ac2824226a63c6b741c88f7ae975f18b6778374"},
    {file = "iniconfig-2.0.0.tar.gz", hash = "sha256:2d91e135bf72d31a410b17c16da610a82cb55f6b0477d1a902134b24a455b8b3"},
]

[[package]]
name = "ipython"
version = "8.23.0"
description = "IPython: Productive Interactive Computing"
optional = false
python-versions = ">=3.10"
files = [
    {file = "ipython-8.23.0-py3-none-any.whl", hash = "sha256:07232af52a5ba146dc3372c7bf52a0f890a23edf38d77caef8d53f9cdc2584c1"},
    {file = "ipython-8.23.0.tar.gz", hash = "sha256:7468edaf4f6de3e1b912e57f66c241e6fd3c7099f2ec2136e239e142e800274d"},
]

[package.dependencies]
colorama = {version = "*", markers = "sys_platform == \"win32\""}
decorator = "*"
jedi = ">=0.16"
matplotlib-inline = "*"
pexpect = {version = ">4.3", markers = "sys_platform != \"win32\" and sys_platform != \"emscripten\""}
prompt-toolkit = ">=3.0.41,<3.1.0"
pygments = ">=2.4.0"
stack-data = "*"
traitlets = ">=5.13.0"
typing-extensions = {version = "*", markers = "python_version < \"3.12\""}

[package.extras]
all = ["ipython[black,doc,kernel,matplotlib,nbconvert,nbformat,notebook,parallel,qtconsole]", "ipython[test,test-extra]"]
black = ["black"]
doc = ["docrepr", "exceptiongroup", "ipykernel", "ipython[test]", "matplotlib", "setuptools (>=18.5)", "sphinx (>=1.3)", "sphinx-rtd-theme", "sphinxcontrib-jquery", "stack-data", "typing-extensions"]
kernel = ["ipykernel"]
matplotlib = ["matplotlib"]
nbconvert = ["nbconvert"]
nbformat = ["nbformat"]
notebook = ["ipywidgets", "notebook"]
parallel = ["ipyparallel"]
qtconsole = ["qtconsole"]
test = ["pickleshare", "pytest (<8)", "pytest-asyncio (<0.22)", "testpath"]
test-extra = ["curio", "ipython[test]", "matplotlib (!=3.2.0)", "nbformat", "numpy (>=1.23)", "pandas", "trio"]

[[package]]
name = "jedi"
version = "0.19.1"
description = "An autocompletion tool for Python that can be used for text editors."
optional = false
python-versions = ">=3.6"
files = [
    {file = "jedi-0.19.1-py2.py3-none-any.whl", hash = "sha256:e983c654fe5c02867aef4cdfce5a2fbb4a50adc0af145f70504238f18ef5e7e0"},
    {file = "jedi-0.19.1.tar.gz", hash = "sha256:cf0496f3651bc65d7174ac1b7d043eff454892c708a87d1b683e57b569927ffd"},
]

[package.dependencies]
parso = ">=0.8.3,<0.9.0"

[package.extras]
docs = ["Jinja2 (==2.11.3)", "MarkupSafe (==1.1.1)", "Pygments (==2.8.1)", "alabaster (==0.7.12)", "babel (==2.9.1)", "chardet (==4.0.0)", "commonmark (==0.8.1)", "docutils (==0.17.1)", "future (==0.18.2)", "idna (==2.10)", "imagesize (==1.2.0)", "mock (==1.0.1)", "packaging (==20.9)", "pyparsing (==2.4.7)", "pytz (==2021.1)", "readthedocs-sphinx-ext (==2.1.4)", "recommonmark (==0.5.0)", "requests (==2.25.1)", "six (==1.15.0)", "snowballstemmer (==2.1.0)", "sphinx (==1.8.5)", "sphinx-rtd-theme (==0.4.3)", "sphinxcontrib-serializinghtml (==1.1.4)", "sphinxcontrib-websupport (==1.2.4)", "urllib3 (==1.26.4)"]
qa = ["flake8 (==5.0.4)", "mypy (==0.971)", "types-setuptools (==67.2.0.1)"]
testing = ["Django", "attrs", "colorama", "docopt", "pytest (<7.0.0)"]

[[package]]
name = "matplotlib-inline"
version = "0.1.6"
description = "Inline Matplotlib backend for Jupyter"
optional = false
python-versions = ">=3.5"
files = [
    {file = "matplotlib-inline-0.1.6.tar.gz", hash = "sha256:f887e5f10ba98e8d2b150ddcf4702c1e5f8b3a20005eb0f74bfdbd360ee6f304"},
    {file = "matplotlib_inline-0.1.6-py3-none-any.whl", hash = "sha256:f1f41aab5328aa5aaea9b16d083b128102f8712542f819fe7e6a420ff581b311"},
]

[package.dependencies]
traitlets = "*"

[[package]]
name = "packaging"
version = "24.0"
description = "Core utilities for Python packages"
optional = false
python-versions = ">=3.7"
files = [
    {file = "packaging-24.0-py3-none-any.whl", hash = "sha256:2ddfb553fdf02fb784c234c7ba6ccc288296ceabec964ad2eae3777778130bc5"},
    {file = "packaging-24.0.tar.gz", hash = "sha256:eb82c5e3e56209074766e6885bb04b8c38a0c015d0a30036ebe7ece34c9989e9"},
]

[[package]]
name = "parso"
version = "0.8.4"
description = "A Python Parser"
optional = false
python-versions = ">=3.6"
files = [
    {file = "parso-0.8.4-py2.py3-none-any.whl", hash = "sha256:a418670a20291dacd2dddc80c377c5c3791378ee1e8d12bffc35420643d43f18"},
    {file = "parso-0.8.4.tar.gz", hash = "sha256:eb3a7b58240fb99099a345571deecc0f9540ea5f4dd2fe14c2a99d6b281ab92d"},
]

[package.extras]
qa = ["flake8 (==5.0.4)", "mypy (==0.971)", "types-setuptools (==67.2.0.1)"]
testing = ["docopt", "pytest"]

[[package]]
name = "pexpect"
version = "4.9.0"
description = "Pexpect allows easy control of interactive console applications."
optional = false
python-versions = "*"
files = [
    {file = "pexpect-4.9.0-py2.py3-none-any.whl", hash = "sha256:7236d1e080e4936be2dc3e326cec0af72acf9212a7e1d060210e70a47e253523"},
    {file = "pexpect-4.9.0.tar.gz", hash = "sha256:ee7d41123f3c9911050ea2c2dac107568dc43b2d3b0c7557a33212c398ead30f"},
]

[package.dependencies]
ptyprocess = ">=0.5"

[[package]]
name = "pluggy"
version = "1.4.0"
description = "plugin and hook calling mechanisms for python"
optional = false
python-versions = ">=3.8"
files = [
    {file = "pluggy-1.4.0-py3-none-any.whl", hash = "sha256:7db9f7b503d67d1c5b95f59773ebb58a8c1c288129a88665838012cfb07b8981"},
    {file = "pluggy-1.4.0.tar.gz", hash = "sha256:8c85c2876142a764e5b7548e7d9a0e0ddb46f5185161049a79b7e974454223be"},
]

[package.extras]
dev = ["pre-commit", "tox"]
testing = ["pytest", "pytest-benchmark"]

[[package]]
name = "prompt-toolkit"
version = "3.0.43"
description = "Library for building powerful interactive command lines in Python"
optional = false
python-versions = ">=3.7.0"
files = [
    {file = "prompt_toolkit-3.0.43-py3-none-any.whl", hash = "sha256:a11a29cb3bf0a28a387fe5122cdb649816a957cd9261dcedf8c9f1fef33eacf6"},
    {file = "prompt_toolkit-3.0.43.tar.gz", hash = "sha256:3527b7af26106cbc65a040bcc84839a3566ec1b051bb0bfe953631e704b0ff7d"},
]

[package.dependencies]
wcwidth = "*"

[[package]]
name = "psycopg2"
version = "2.9.9"
description = "psycopg2 - Python-PostgreSQL Database Adapter"
optional = false
python-versions = ">=3.7"
files = [
    {file = "psycopg2-2.9.9-cp310-cp310-win32.whl", hash = "sha256:38a8dcc6856f569068b47de286b472b7c473ac7977243593a288ebce0dc89516"},
    {file = "psycopg2-2.9.9-cp310-cp310-win_amd64.whl", hash = "sha256:426f9f29bde126913a20a96ff8ce7d73fd8a216cfb323b1f04da402d452853c3"},
    {file = "psycopg2-2.9.9-cp311-cp311-win32.whl", hash = "sha256:ade01303ccf7ae12c356a5e10911c9e1c51136003a9a1d92f7aa9d010fb98372"},
    {file = "psycopg2-2.9.9-cp311-cp311-win_amd64.whl", hash = "sha256:121081ea2e76729acfb0673ff33755e8703d45e926e416cb59bae3a86c6a4981"},
    {file = "psycopg2-2.9.9-cp312-cp312-win32.whl", hash = "sha256:d735786acc7dd25815e89cc4ad529a43af779db2e25aa7c626de864127e5a024"},
    {file = "psycopg2-2.9.9-cp312-cp312-win_amd64.whl", hash = "sha256:a7653d00b732afb6fc597e29c50ad28087dcb4fbfb28e86092277a559ae4e693"},
    {file = "psycopg2-2.9.9-cp37-cp37m-win32.whl", hash = "sha256:5e0d98cade4f0e0304d7d6f25bbfbc5bd186e07b38eac65379309c4ca3193efa"},
    {file = "psycopg2-2.9.9-cp37-cp37m-win_amd64.whl", hash = "sha256:7e2dacf8b009a1c1e843b5213a87f7c544b2b042476ed7755be813eaf4e8347a"},
    {file = "psycopg2-2.9.9-cp38-cp38-win32.whl", hash = "sha256:ff432630e510709564c01dafdbe996cb552e0b9f3f065eb89bdce5bd31fabf4c"},
    {file = "psycopg2-2.9.9-cp38-cp38-win_amd64.whl", hash = "sha256:bac58c024c9922c23550af2a581998624d6e02350f4ae9c5f0bc642c633a2d5e"},
    {file = "psycopg2-2.9.9-cp39-cp39-win32.whl", hash = "sha256:c92811b2d4c9b6ea0285942b2e7cac98a59e166d59c588fe5cfe1eda58e72d59"},
    {file = "psycopg2-2.9.9-cp39-cp39-win_amd64.whl", hash = "sha256:de80739447af31525feddeb8effd640782cf5998e1a4e9192ebdf829717e3913"},
    {file = "psycopg2-2.9.9.tar.gz", hash = "sha256:d1454bde93fb1e224166811694d600e746430c006fbb031ea06ecc2ea41bf156"},
]

[[package]]
name = "ptyprocess"
version = "0.7.0"
description = "Run a subprocess in a pseudo terminal"
optional = false
python-versions = "*"
files = [
    {file = "ptyprocess-0.7.0-py2.py3-none-any.whl", hash = "sha256:4b41f3967fce3af57cc7e94b888626c18bf37a083e3651ca8feeb66d492fef35"},
    {file = "ptyprocess-0.7.0.tar.gz", hash = "sha256:5c5d0a3b48ceee0b48485e0c26037c0acd7d29765ca3fbb5cb3831d347423220"},
]

[[package]]
name = "pure-eval"
version = "0.2.2"
description = "Safely evaluate AST nodes without side effects"
optional = false
python-versions = "*"
files = [
    {file = "pure_eval-0.2.2-py3-none-any.whl", hash = "sha256:01eaab343580944bc56080ebe0a674b39ec44a945e6d09ba7db3cb8cec289350"},
    {file = "pure_eval-0.2.2.tar.gz", hash = "sha256:2b45320af6dfaa1750f543d714b6d1c520a1688dec6fd24d339063ce0aaa9ac3"},
]

[package.extras]
tests = ["pytest"]

[[package]]
name = "pycryptodome"
version = "3.20.0"
description = "Cryptographic library for Python"
optional = false
python-versions = ">=2.7, !=3.0.*, !=3.1.*, !=3.2.*, !=3.3.*, !=3.4.*"
files = [
    {file = "pycryptodome-3.20.0-cp27-cp27m-macosx_10_9_x86_64.whl", hash = "sha256:f0e6d631bae3f231d3634f91ae4da7a960f7ff87f2865b2d2b831af1dfb04e9a"},
    {file = "pycryptodome-3.20.0-cp27-cp27m-manylinux2010_i686.whl", hash = "sha256:baee115a9ba6c5d2709a1e88ffe62b73ecc044852a925dcb67713a288c4ec70f"},
    {file = "pycryptodome-3.20.0-cp27-cp27m-manylinux2010_x86_64.whl", hash = "sha256:417a276aaa9cb3be91f9014e9d18d10e840a7a9b9a9be64a42f553c5b50b4d1d"},
    {file = "pycryptodome-3.20.0-cp27-cp27m-manylinux_2_17_aarch64.manylinux2014_aarch64.whl", hash = "sha256:2a1250b7ea809f752b68e3e6f3fd946b5939a52eaeea18c73bdab53e9ba3c2dd"},
    {file = "pycryptodome-3.20.0-cp27-cp27m-musllinux_1_1_aarch64.whl", hash = "sha256:d5954acfe9e00bc83ed9f5cb082ed22c592fbbef86dc48b907238be64ead5c33"},
    {file = "pycryptodome-3.20.0-cp27-cp27m-win32.whl", hash = "sha256:06d6de87c19f967f03b4cf9b34e538ef46e99a337e9a61a77dbe44b2cbcf0690"},
    {file = "pycryptodome-3.20.0-cp27-cp27m-win_amd64.whl", hash = "sha256:ec0bb1188c1d13426039af8ffcb4dbe3aad1d7680c35a62d8eaf2a529b5d3d4f"},
    {file = "pycryptodome-3.20.0-cp27-cp27mu-manylinux2010_i686.whl", hash = "sha256:5601c934c498cd267640b57569e73793cb9a83506f7c73a8ec57a516f5b0b091"},
    {file = "pycryptodome-3.20.0-cp27-cp27mu-manylinux2010_x86_64.whl", hash = "sha256:d29daa681517f4bc318cd8a23af87e1f2a7bad2fe361e8aa29c77d652a065de4"},
    {file = "pycryptodome-3.20.0-cp27-cp27mu-manylinux_2_17_aarch64.manylinux2014_aarch64.whl", hash = "sha256:3427d9e5310af6680678f4cce149f54e0bb4af60101c7f2c16fdf878b39ccccc"},
    {file = "pycryptodome-3.20.0-cp27-cp27mu-musllinux_1_1_aarch64.whl", hash = "sha256:3cd3ef3aee1079ae44afaeee13393cf68b1058f70576b11439483e34f93cf818"},
    {file = "pycryptodome-3.20.0-cp35-abi3-macosx_10_9_universal2.whl", hash = "sha256:ac1c7c0624a862f2e53438a15c9259d1655325fc2ec4392e66dc46cdae24d044"},
    {file = "pycryptodome-3.20.0-cp35-abi3-macosx_10_9_x86_64.whl", hash = "sha256:76658f0d942051d12a9bd08ca1b6b34fd762a8ee4240984f7c06ddfb55eaf15a"},
    {file = "pycryptodome-3.20.0-cp35-abi3-manylinux_2_17_aarch64.manylinux2014_aarch64.whl", hash = "sha256:f35d6cee81fa145333137009d9c8ba90951d7d77b67c79cbe5f03c7eb74d8fe2"},
    {file = "pycryptodome-3.20.0-cp35-abi3-manylinux_2_17_x86_64.manylinux2014_x86_64.whl", hash = "sha256:76cb39afede7055127e35a444c1c041d2e8d2f1f9c121ecef573757ba4cd2c3c"},
    {file = "pycryptodome-3.20.0-cp35-abi3-manylinux_2_5_i686.manylinux1_i686.manylinux_2_17_i686.manylinux2014_i686.whl", hash = "sha256:49a4c4dc60b78ec41d2afa392491d788c2e06edf48580fbfb0dd0f828af49d25"},
    {file = "pycryptodome-3.20.0-cp35-abi3-musllinux_1_1_aarch64.whl", hash = "sha256:fb3b87461fa35afa19c971b0a2b7456a7b1db7b4eba9a8424666104925b78128"},
    {file = "pycryptodome-3.20.0-cp35-abi3-musllinux_1_1_i686.whl", hash = "sha256:acc2614e2e5346a4a4eab6e199203034924313626f9620b7b4b38e9ad74b7e0c"},
    {file = "pycryptodome-3.20.0-cp35-abi3-musllinux_1_1_x86_64.whl", hash = "sha256:210ba1b647837bfc42dd5a813cdecb5b86193ae11a3f5d972b9a0ae2c7e9e4b4"},
    {file = "pycryptodome-3.20.0-cp35-abi3-win32.whl", hash = "sha256:8d6b98d0d83d21fb757a182d52940d028564efe8147baa9ce0f38d057104ae72"},
    {file = "pycryptodome-3.20.0-cp35-abi3-win_amd64.whl", hash = "sha256:9b3ae153c89a480a0ec402e23db8d8d84a3833b65fa4b15b81b83be9d637aab9"},
    {file = "pycryptodome-3.20.0-pp27-pypy_73-manylinux2010_x86_64.whl", hash = "sha256:4401564ebf37dfde45d096974c7a159b52eeabd9969135f0426907db367a652a"},
    {file = "pycryptodome-3.20.0-pp27-pypy_73-win32.whl", hash = "sha256:ec1f93feb3bb93380ab0ebf8b859e8e5678c0f010d2d78367cf6bc30bfeb148e"},
    {file = "pycryptodome-3.20.0-pp310-pypy310_pp73-macosx_10_9_x86_64.whl", hash = "sha256:acae12b9ede49f38eb0ef76fdec2df2e94aad85ae46ec85be3648a57f0a7db04"},
    {file = "pycryptodome-3.20.0-pp310-pypy310_pp73-manylinux_2_17_x86_64.manylinux2014_x86_64.whl", hash = "sha256:f47888542a0633baff535a04726948e876bf1ed880fddb7c10a736fa99146ab3"},
    {file = "pycryptodome-3.20.0-pp310-pypy310_pp73-manylinux_2_5_i686.manylinux1_i686.manylinux_2_17_i686.manylinux2014_i686.whl", hash = "sha256:6e0e4a987d38cfc2e71b4a1b591bae4891eeabe5fa0f56154f576e26287bfdea"},
    {file = "pycryptodome-3.20.0-pp310-pypy310_pp73-win_amd64.whl", hash = "sha256:c18b381553638414b38705f07d1ef0a7cf301bc78a5f9bc17a957eb19446834b"},
    {file = "pycryptodome-3.20.0-pp39-pypy39_pp73-macosx_10_9_x86_64.whl", hash = "sha256:a60fedd2b37b4cb11ccb5d0399efe26db9e0dd149016c1cc6c8161974ceac2d6"},
    {file = "pycryptodome-3.20.0-pp39-pypy39_pp73-manylinux_2_17_x86_64.manylinux2014_x86_64.whl", hash = "sha256:405002eafad114a2f9a930f5db65feef7b53c4784495dd8758069b89baf68eab"},
    {file = "pycryptodome-3.20.0-pp39-pypy39_pp73-manylinux_2_5_i686.manylinux1_i686.manylinux_2_17_i686.manylinux2014_i686.whl", hash = "sha256:2ab6ab0cb755154ad14e507d1df72de9897e99fd2d4922851a276ccc14f4f1a5"},
    {file = "pycryptodome-3.20.0-pp39-pypy39_pp73-win_amd64.whl", hash = "sha256:acf6e43fa75aca2d33e93409f2dafe386fe051818ee79ee8a3e21de9caa2ac9e"},
    {file = "pycryptodome-3.20.0.tar.gz", hash = "sha256:09609209ed7de61c2b560cc5c8c4fbf892f8b15b1faf7e4cbffac97db1fffda7"},
]

[[package]]
name = "pygments"
version = "2.17.2"
description = "Pygments is a syntax highlighting package written in Python."
optional = false
python-versions = ">=3.7"
files = [
    {file = "pygments-2.17.2-py3-none-any.whl", hash = "sha256:b27c2826c47d0f3219f29554824c30c5e8945175d888647acd804ddd04af846c"},
    {file = "pygments-2.17.2.tar.gz", hash = "sha256:da46cec9fd2de5be3a8a784f434e4c4ab670b4ff54d605c4c2717e9d49c4c367"},
]

[package.extras]
plugins = ["importlib-metadata"]
windows-terminal = ["colorama (>=0.4.6)"]

[[package]]
name = "pytest"
version = "8.1.1"
description = "pytest: simple powerful testing with Python"
optional = false
python-versions = ">=3.8"
files = [
    {file = "pytest-8.1.1-py3-none-any.whl", hash = "sha256:2a8386cfc11fa9d2c50ee7b2a57e7d898ef90470a7a34c4b949ff59662bb78b7"},
    {file = "pytest-8.1.1.tar.gz", hash = "sha256:ac978141a75948948817d360297b7aae0fcb9d6ff6bc9ec6d514b85d5a65c044"},
]

[package.dependencies]
colorama = {version = "*", markers = "sys_platform == \"win32\""}
iniconfig = "*"
packaging = "*"
pluggy = ">=1.4,<2.0"

[package.extras]
testing = ["argcomplete", "attrs (>=19.2)", "hypothesis (>=3.56)", "mock", "pygments (>=2.7.2)", "requests", "setuptools", "xmlschema"]

[[package]]
name = "pytest-django"
version = "4.8.0"
description = "A Django plugin for pytest."
optional = false
python-versions = ">=3.8"
files = [
    {file = "pytest-django-4.8.0.tar.gz", hash = "sha256:5d054fe011c56f3b10f978f41a8efb2e5adfc7e680ef36fb571ada1f24779d90"},
    {file = "pytest_django-4.8.0-py3-none-any.whl", hash = "sha256:ca1ddd1e0e4c227cf9e3e40a6afc6d106b3e70868fd2ac5798a22501271cd0c7"},
]

[package.dependencies]
pytest = ">=7.0.0"

[package.extras]
docs = ["sphinx", "sphinx-rtd-theme"]
testing = ["Django", "django-configurations (>=2.0)"]

[[package]]
name = "python-dotenv"
version = "1.0.1"
description = "Read key-value pairs from a .env file and set them as environment variables"
optional = false
python-versions = ">=3.8"
files = [
    {file = "python-dotenv-1.0.1.tar.gz", hash = "sha256:e324ee90a023d808f1959c46bcbc04446a10ced277783dc6ee09987c37ec10ca"},
    {file = "python_dotenv-1.0.1-py3-none-any.whl", hash = "sha256:f7b63ef50f1b690dddf550d03497b66d609393b40b564ed0d674909a68ebf16a"},
]

[package.extras]
cli = ["click (>=5.0)"]

[[package]]
name = "six"
version = "1.16.0"
description = "Python 2 and 3 compatibility utilities"
optional = false
python-versions = ">=2.7, !=3.0.*, !=3.1.*, !=3.2.*"
files = [
    {file = "six-1.16.0-py2.py3-none-any.whl", hash = "sha256:8abb2f1d86890a2dfb989f9a77cfcfd3e47c2a354b01111771326f8aa26e0254"},
    {file = "six-1.16.0.tar.gz", hash = "sha256:1e61c37477a1626458e36f7b1d82aa5c9b094fa4802892072e49de9c60c4c926"},
]

[[package]]
name = "sqlparse"
version = "0.4.4"
description = "A non-validating SQL parser."
optional = false
python-versions = ">=3.5"
files = [
    {file = "sqlparse-0.4.4-py3-none-any.whl", hash = "sha256:5430a4fe2ac7d0f93e66f1efc6e1338a41884b7ddf2a350cedd20ccc4d9d28f3"},
    {file = "sqlparse-0.4.4.tar.gz", hash = "sha256:d446183e84b8349fa3061f0fe7f06ca94ba65b426946ffebe6e3e8295332420c"},
]

[package.extras]
dev = ["build", "flake8"]
doc = ["sphinx"]
test = ["pytest", "pytest-cov"]

[[package]]
name = "stack-data"
version = "0.6.3"
description = "Extract data from python stack frames and tracebacks for informative displays"
optional = false
python-versions = "*"
files = [
    {file = "stack_data-0.6.3-py3-none-any.whl", hash = "sha256:d5558e0c25a4cb0853cddad3d77da9891a08cb85dd9f9f91b9f8cd66e511e695"},
    {file = "stack_data-0.6.3.tar.gz", hash = "sha256:836a778de4fec4dcd1dcd89ed8abff8a221f58308462e1c4aa2a3cf30148f0b9"},
]

[package.dependencies]
asttokens = ">=2.1.0"
executing = ">=1.2.0"
pure-eval = "*"

[package.extras]
tests = ["cython", "littleutils", "pygments", "pytest", "typeguard"]

[[package]]
name = "traitlets"
version = "5.14.2"
description = "Traitlets Python configuration system"
optional = false
python-versions = ">=3.8"
files = [
    {file = "traitlets-5.14.2-py3-none-any.whl", hash = "sha256:fcdf85684a772ddeba87db2f398ce00b40ff550d1528c03c14dbf6a02003cd80"},
    {file = "traitlets-5.14.2.tar.gz", hash = "sha256:8cdd83c040dab7d1dee822678e5f5d100b514f7b72b01615b26fc5718916fdf9"},
]

[package.extras]
docs = ["myst-parser", "pydata-sphinx-theme", "sphinx"]
test = ["argcomplete (>=3.0.3)", "mypy (>=1.7.0)", "pre-commit", "pytest (>=7.0,<8.1)", "pytest-mock", "pytest-mypy-testing"]

[[package]]
name = "typing-extensions"
version = "4.11.0"
description = "Backported and Experimental Type Hints for Python 3.8+"
optional = false
python-versions = ">=3.8"
files = [
    {file = "typing_extensions-4.11.0-py3-none-any.whl", hash = "sha256:c1f94d72897edaf4ce775bb7558d5b79d8126906a14ea5ed1635921406c0387a"},
    {file = "typing_extensions-4.11.0.tar.gz", hash = "sha256:83f085bd5ca59c80295fc2a82ab5dac679cbe02b9f33f7d83af68e241bea51b0"},
]

[[package]]
name = "tzdata"
version = "2024.1"
description = "Provider of IANA time zone data"
optional = false
python-versions = ">=2"
files = [
    {file = "tzdata-2024.1-py2.py3-none-any.whl", hash = "sha256:9068bc196136463f5245e51efda838afa15aaeca9903f49050dfa2679db4d252"},
    {file = "tzdata-2024.1.tar.gz", hash = "sha256:2674120f8d891909751c38abcdfd386ac0a5a1127954fbc332af6b5ceae07efd"},
]

[[package]]
name = "wcwidth"
version = "0.2.13"
description = "Measures the displayed width of unicode strings in a terminal"
optional = false
python-versions = "*"
files = [
    {file = "wcwidth-0.2.13-py2.py3-none-any.whl", hash = "sha256:3da69048e4540d84af32131829ff948f1e022c1c6bdb8d6102117aac784f6859"},
    {file = "wcwidth-0.2.13.tar.gz", hash = "sha256:72ea0c06399eb286d978fdedb6923a9eb47e1c486ce63e9b4e64fc18303972b5"},
]

[metadata]
lock-version = "2.0"
python-versions = "^3.11"
content-hash = "247a9af36aa9dbf33d319aa6166c78e596f80eba66ddd3ff2191b893d26ac094"
